
Microsoft Visual Studio Solution File, Format Version 12.00
# Visual Studio Version 16
VisualStudioVersion = 16.0.30907.101
MinimumVisualStudioVersion = 10.0.40219.1
Project("{FAE04EC0-301F-11D3-BF4B-00C04F79EFBC}") = "Donguler", "Donguler\Donguler.csproj", "{63D662DB-7A1B-4E04-81B3-73C7EB4DC602}"
EndProject
Project("{FAE04EC0-301F-11D3-BF4B-00C04F79EFBC}") = "Donguler-son", "Donguler-son\Donguler-son.csproj", "{853F355B-7553-4421-9B85-8BE60C34E11A}"
EndProject
Global
	GlobalSection(SolutionConfigurationPlatforms) = preSolution
		Debug|Any CPU = Debug|Any CPU
		Release|Any CPU = Release|Any CPU
	EndGlobalSection
	GlobalSection(ProjectConfigurationPlatforms) = postSolution
		{63D662DB-7A1B-4E04-81B3-73C7EB4DC602}.Debug|Any CPU.ActiveCfg = Debug|Any CPU
		{63D662DB-7A1B-4E04-81B3-73C7EB4DC602}.Debug|Any CPU.Build.0 = Debug|Any CPU
		{63D662DB-7A1B-4E04-81B3-73C7EB4DC602}.Release|Any CPU.ActiveCfg = Release|Any CPU
		{63D662DB-7A1B-4E04-81B3-73C7EB4DC602}.Release|Any CPU.Build.0 = Release|Any CPU
		{853F355B-7553-4421-9B85-8BE60C34E11A}.Debug|Any CPU.ActiveCfg = Debug|Any CPU
		{853F355B-7553-4421-9B85-8BE60C34E11A}.Debug|Any CPU.Build.0 = Debug|Any CPU
		{853F355B-7553-4421-9B85-8BE60C34E11A}.Release|Any CPU.ActiveCfg = Release|Any CPU
		{853F355B-7553-4421-9B85-8BE60C34E11A}.Release|Any CPU.Build.0 = Release|Any CPU
	EndGlobalSection
	GlobalSection(SolutionProperties) = preSolution
		HideSolutionNode = FALSE
	EndGlobalSection
	GlobalSection(ExtensibilityGlobals) = postSolution
		SolutionGuid = {3ADCE961-76BF-4D2A-88BC-73BCA12D9DFB}
	EndGlobalSection
EndGlobal
